
Microsoft Visual Studio Solution File, Format Version 12.00
# Visual Studio 15
VisualStudioVersion = 15.0.27130.2010
MinimumVisualStudioVersion = 10.0.40219.1
Project("{9A19103F-16F7-4668-BE54-9A1E7A4F7556}") = "Polling.Service", "Polling.Service\Polling.Service.csproj", "{20ABAE03-BEB5-417B-B0E7-71A060631F51}"
EndProject
Project("{9A19103F-16F7-4668-BE54-9A1E7A4F7556}") = "Polling.Service.Test", "Polling.Service.Test\Polling.Service.Test.csproj", "{4CB2BEE1-D86E-47CB-A817-487E7D87CDFC}"
EndProject
Project("{9A19103F-16F7-4668-BE54-9A1E7A4F7556}") = "Webhook.Service.Test", "Webhook.Service.Test\Webhook.Service.Test.csproj", "{1EC797B5-80A9-4AE3-A17D-199BA63333F7}"
EndProject
Project("{9A19103F-16F7-4668-BE54-9A1E7A4F7556}") = "Webhook.Api", "Webhook.Api\Webhook.Api.csproj", "{9D3034ED-8A20-4417-8B5A-695AA10CBBDF}"
EndProject
Project("{E53339B2-1760-4266-BCC7-CA923CBCF16C}") = "docker-compose", "docker-compose.dcproj", "{4C86B039-1111-4389-AD10-EF34BFC0D40A}"
EndProject
Project("{9A19103F-16F7-4668-BE54-9A1E7A4F7556}") = "Repository.Service", "Repository.Service\Repository.Service.csproj", "{A28DA4BE-B81E-4687-BEC3-6C89936B7055}"
EndProject
Project("{9A19103F-16F7-4668-BE54-9A1E7A4F7556}") = "Webhook.Service", "Webhook.Service\Webhook.Service.csproj", "{30797235-C1D6-4EF8-839A-DDBCAC65B08E}"
EndProject
Global
	GlobalSection(SolutionConfigurationPlatforms) = preSolution
		Debug|Any CPU = Debug|Any CPU
		Release|Any CPU = Release|Any CPU
	EndGlobalSection
	GlobalSection(ProjectConfigurationPlatforms) = postSolution
		{20ABAE03-BEB5-417B-B0E7-71A060631F51}.Debug|Any CPU.ActiveCfg = Debug|Any CPU
		{20ABAE03-BEB5-417B-B0E7-71A060631F51}.Debug|Any CPU.Build.0 = Debug|Any CPU
		{20ABAE03-BEB5-417B-B0E7-71A060631F51}.Release|Any CPU.ActiveCfg = Release|Any CPU
		{20ABAE03-BEB5-417B-B0E7-71A060631F51}.Release|Any CPU.Build.0 = Release|Any CPU
		{4CB2BEE1-D86E-47CB-A817-487E7D87CDFC}.Debug|Any CPU.ActiveCfg = Debug|Any CPU
		{4CB2BEE1-D86E-47CB-A817-487E7D87CDFC}.Debug|Any CPU.Build.0 = Debug|Any CPU
		{4CB2BEE1-D86E-47CB-A817-487E7D87CDFC}.Release|Any CPU.ActiveCfg = Release|Any CPU
		{4CB2BEE1-D86E-47CB-A817-487E7D87CDFC}.Release|Any CPU.Build.0 = Release|Any CPU
		{1EC797B5-80A9-4AE3-A17D-199BA63333F7}.Debug|Any CPU.ActiveCfg = Debug|Any CPU
		{1EC797B5-80A9-4AE3-A17D-199BA63333F7}.Debug|Any CPU.Build.0 = Debug|Any CPU
		{1EC797B5-80A9-4AE3-A17D-199BA63333F7}.Release|Any CPU.ActiveCfg = Release|Any CPU
		{1EC797B5-80A9-4AE3-A17D-199BA63333F7}.Release|Any CPU.Build.0 = Release|Any CPU
		{9D3034ED-8A20-4417-8B5A-695AA10CBBDF}.Debug|Any CPU.ActiveCfg = Debug|Any CPU
		{9D3034ED-8A20-4417-8B5A-695AA10CBBDF}.Debug|Any CPU.Build.0 = Debug|Any CPU
		{9D3034ED-8A20-4417-8B5A-695AA10CBBDF}.Release|Any CPU.ActiveCfg = Release|Any CPU
		{9D3034ED-8A20-4417-8B5A-695AA10CBBDF}.Release|Any CPU.Build.0 = Release|Any CPU
		{4C86B039-1111-4389-AD10-EF34BFC0D40A}.Debug|Any CPU.ActiveCfg = Debug|Any CPU
		{4C86B039-1111-4389-AD10-EF34BFC0D40A}.Debug|Any CPU.Build.0 = Debug|Any CPU
		{4C86B039-1111-4389-AD10-EF34BFC0D40A}.Release|Any CPU.ActiveCfg = Release|Any CPU
		{4C86B039-1111-4389-AD10-EF34BFC0D40A}.Release|Any CPU.Build.0 = Release|Any CPU
		{A28DA4BE-B81E-4687-BEC3-6C89936B7055}.Debug|Any CPU.ActiveCfg = Debug|Any CPU
		{A28DA4BE-B81E-4687-BEC3-6C89936B7055}.Debug|Any CPU.Build.0 = Debug|Any CPU
		{A28DA4BE-B81E-4687-BEC3-6C89936B7055}.Release|Any CPU.ActiveCfg = Release|Any CPU
		{A28DA4BE-B81E-4687-BEC3-6C89936B7055}.Release|Any CPU.Build.0 = Release|Any CPU
		{30797235-C1D6-4EF8-839A-DDBCAC65B08E}.Debug|Any CPU.ActiveCfg = Debug|Any CPU
		{30797235-C1D6-4EF8-839A-DDBCAC65B08E}.Debug|Any CPU.Build.0 = Debug|Any CPU
		{30797235-C1D6-4EF8-839A-DDBCAC65B08E}.Release|Any CPU.ActiveCfg = Release|Any CPU
		{30797235-C1D6-4EF8-839A-DDBCAC65B08E}.Release|Any CPU.Build.0 = Release|Any CPU
	EndGlobalSection
	GlobalSection(SolutionProperties) = preSolution
		HideSolutionNode = FALSE
	EndGlobalSection
	GlobalSection(ExtensibilityGlobals) = postSolution
		SolutionGuid = {DA1812B6-6708-4222-9AB3-B2A7EEC85450}
	EndGlobalSection
EndGlobal
